// !$*UTF8*$!
{
	archiveVersion = 1;
	classes = {
	};
	objectVersion = 46;
	objects = {

/* Begin PBXBuildFile section */
		A9287F1C17C00D98007470F8 /* PickerTableVIew.m in Sources */ = {isa = PBXBuildFile; fileRef = A9287F1B17C00D98007470F8 /* PickerTableVIew.m */; };
		A9330F0C17C0AACA00CCF9BF /* blink.png in Resources */ = {isa = PBXBuildFile; fileRef = A9330F0017C0AACA00CCF9BF /* blink.png */; };
		A9330F0D17C0AACA00CCF9BF /* grin.png in Resources */ = {isa = PBXBuildFile; fileRef = A9330F0117C0AACA00CCF9BF /* grin.png */; };
		A9330F0E17C0AACA00CCF9BF /* love.png in Resources */ = {isa = PBXBuildFile; fileRef = A9330F0217C0AACA00CCF9BF /* love.png */; };
		A9330F0F17C0AACA00CCF9BF /* mad.png in Resources */ = {isa = PBXBuildFile; fileRef = A9330F0317C0AACA00CCF9BF /* mad.png */; };
		A9330F1017C0AACA00CCF9BF /* sad.png in Resources */ = {isa = PBXBuildFile; fileRef = A9330F0417C0AACA00CCF9BF /* sad.png */; };
		A9330F1117C0AACA00CCF9BF /* sick.png in Resources */ = {isa = PBXBuildFile; fileRef = A9330F0517C0AACA00CCF9BF /* sick.png */; };
		A9330F1217C0AACA00CCF9BF /* smartass.png in Resources */ = {isa = PBXBuildFile; fileRef = A9330F0617C0AACA00CCF9BF /* smartass.png */; };
		A9330F1317C0AACA00CCF9BF /* smile.png in Resources */ = {isa = PBXBuildFile; fileRef = A9330F0717C0AACA00CCF9BF /* smile.png */; };
		A9330F1417C0AACA00CCF9BF /* sorry.png in Resources */ = {isa = PBXBuildFile; fileRef = A9330F0817C0AACA00CCF9BF /* sorry.png */; };
		A9330F1517C0AACA00CCF9BF /* sunglasses.png in Resources */ = {isa = PBXBuildFile; fileRef = A9330F0917C0AACA00CCF9BF /* sunglasses.png */; };
		A9330F1617C0AACA00CCF9BF /* surprised.png in Resources */ = {isa = PBXBuildFile; fileRef = A9330F0A17C0AACA00CCF9BF /* surprised.png */; };
		A9330F1717C0AACA00CCF9BF /* tongue.png in Resources */ = {isa = PBXBuildFile; fileRef = A9330F0B17C0AACA00CCF9BF /* tongue.png */; };
		A936F2B617BF61D100940657 /* UIKit.framework in Frameworks */ = {isa = PBXBuildFile; fileRef = A936F2B517BF61D100940657 /* UIKit.framework */; };
		A936F2B817BF61D100940657 /* Foundation.framework in Frameworks */ = {isa = PBXBuildFile; fileRef = A936F2B717BF61D100940657 /* Foundation.framework */; };
		A936F2BA17BF61D100940657 /* CoreGraphics.framework in Frameworks */ = {isa = PBXBuildFile; fileRef = A936F2B917BF61D100940657 /* CoreGraphics.framework */; };
		A936F2BC17BF61D100940657 /* CoreData.framework in Frameworks */ = {isa = PBXBuildFile; fileRef = A936F2BB17BF61D100940657 /* CoreData.framework */; };
		A936F2C217BF61D100940657 /* InfoPlist.strings in Resources */ = {isa = PBXBuildFile; fileRef = A936F2C017BF61D100940657 /* InfoPlist.strings */; };
		A936F2C417BF61D100940657 /* main.m in Sources */ = {isa = PBXBuildFile; fileRef = A936F2C317BF61D100940657 /* main.m */; };
		A936F2C817BF61D100940657 /* AppDelegate.m in Sources */ = {isa = PBXBuildFile; fileRef = A936F2C717BF61D100940657 /* AppDelegate.m */; };
		A936F2CA17BF61D100940657 /* Default.png in Resources */ = {isa = PBXBuildFile; fileRef = A936F2C917BF61D100940657 /* Default.png */; };
		A936F2CC17BF61D100940657 /* Default@2x.png in Resources */ = {isa = PBXBuildFile; fileRef = A936F2CB17BF61D100940657 /* Default@2x.png */; };
		A936F2CE17BF61D100940657 /* Default-568h@2x.png in Resources */ = {isa = PBXBuildFile; fileRef = A936F2CD17BF61D100940657 /* Default-568h@2x.png */; };
		A936F2D117BF61D100940657 /* bonusUI.xcdatamodeld in Sources */ = {isa = PBXBuildFile; fileRef = A936F2CF17BF61D100940657 /* bonusUI.xcdatamodeld */; };
		A936F2D917BF61D100940657 /* SenTestingKit.framework in Frameworks */ = {isa = PBXBuildFile; fileRef = A936F2D817BF61D100940657 /* SenTestingKit.framework */; };
		A936F2DA17BF61D100940657 /* UIKit.framework in Frameworks */ = {isa = PBXBuildFile; fileRef = A936F2B517BF61D100940657 /* UIKit.framework */; };
		A936F2DB17BF61D100940657 /* Foundation.framework in Frameworks */ = {isa = PBXBuildFile; fileRef = A936F2B717BF61D100940657 /* Foundation.framework */; };
		A936F2DC17BF61D100940657 /* CoreData.framework in Frameworks */ = {isa = PBXBuildFile; fileRef = A936F2BB17BF61D100940657 /* CoreData.framework */; };
		A936F2E417BF61D100940657 /* InfoPlist.strings in Resources */ = {isa = PBXBuildFile; fileRef = A936F2E217BF61D100940657 /* InfoPlist.strings */; };
		A936F2E717BF61D100940657 /* bonusUITests.m in Sources */ = {isa = PBXBuildFile; fileRef = A936F2E617BF61D100940657 /* bonusUITests.m */; };
		A936F2F517BF66D900940657 /* BonusViewController.m in Sources */ = {isa = PBXBuildFile; fileRef = A936F2F417BF66D900940657 /* BonusViewController.m */; };
		A936F2FD17BF728F00940657 /* readme.txt in Resources */ = {isa = PBXBuildFile; fileRef = A936F2FA17BF728F00940657 /* readme.txt */; };
		A936F2FE17BF728F00940657 /* tweed.png in Resources */ = {isa = PBXBuildFile; fileRef = A936F2FB17BF728F00940657 /* tweed.png */; };
		A936F2FF17BF728F00940657 /* tweed_@2X.png in Resources */ = {isa = PBXBuildFile; fileRef = A936F2FC17BF728F00940657 /* tweed_@2X.png */; };
		A936F35C17BF857900940657 /* blackButton.png in Resources */ = {isa = PBXBuildFile; fileRef = A936F33F17BF857900940657 /* blackButton.png */; };
		A936F35D17BF857900940657 /* blackButton@2x.png in Resources */ = {isa = PBXBuildFile; fileRef = A936F34017BF857900940657 /* blackButton@2x.png */; };
		A936F35E17BF857900940657 /* blackButtonHighlight.png in Resources */ = {isa = PBXBuildFile; fileRef = A936F34117BF857900940657 /* blackButtonHighlight.png */; };
		A936F35F17BF857900940657 /* blackButtonHighlight@2x.png in Resources */ = {isa = PBXBuildFile; fileRef = A936F34217BF857900940657 /* blackButtonHighlight@2x.png */; };
		A936F36017BF857900940657 /* blueButton.png in Resources */ = {isa = PBXBuildFile; fileRef = A936F34317BF857900940657 /* blueButton.png */; };
		A936F36117BF857900940657 /* blueButton@2x.png in Resources */ = {isa = PBXBuildFile; fileRef = A936F34417BF857900940657 /* blueButton@2x.png */; };
		A936F36217BF857900940657 /* blueButtonHighlight.png in Resources */ = {isa = PBXBuildFile; fileRef = A936F34517BF857900940657 /* blueButtonHighlight.png */; };
		A936F36317BF857900940657 /* blueButtonHighlight@2x.png in Resources */ = {isa = PBXBuildFile; fileRef = A936F34617BF857900940657 /* blueButtonHighlight@2x.png */; };
		A936F36417BF857900940657 /* greenButton.png in Resources */ = {isa = PBXBuildFile; fileRef = A936F34717BF857900940657 /* greenButton.png */; };
		A936F36517BF857900940657 /* greenButton@2x.png in Resources */ = {isa = PBXBuildFile; fileRef = A936F34817BF857900940657 /* greenButton@2x.png */; };
		A936F36617BF857900940657 /* greenButtonHighlight.png in Resources */ = {isa = PBXBuildFile; fileRef = A936F34917BF857900940657 /* greenButtonHighlight.png */; };
		A936F36717BF857900940657 /* greenButtonHighlight@2x.png in Resources */ = {isa = PBXBuildFile; fileRef = A936F34A17BF857900940657 /* greenButtonHighlight@2x.png */; };
		A936F36817BF857900940657 /* greyButton.png in Resources */ = {isa = PBXBuildFile; fileRef = A936F34B17BF857900940657 /* greyButton.png */; };
		A936F36917BF857900940657 /* greyButton@2x.png in Resources */ = {isa = PBXBuildFile; fileRef = A936F34C17BF857900940657 /* greyButton@2x.png */; };
		A936F36A17BF857900940657 /* greyButton@2xpng in Resources */ = {isa = PBXBuildFile; fileRef = A936F34D17BF857900940657 /* greyButton@2xpng */; };
		A936F36B17BF857900940657 /* greyButtonHighlight.png in Resources */ = {isa = PBXBuildFile; fileRef = A936F34E17BF857900940657 /* greyButtonHighlight.png */; };
		A936F36C17BF857900940657 /* greyButtonHighlight@2x.png in Resources */ = {isa = PBXBuildFile; fileRef = A936F34F17BF857900940657 /* greyButtonHighlight@2x.png */; };
		A936F36D17BF857900940657 /* orangeButton.png in Resources */ = {isa = PBXBuildFile; fileRef = A936F35017BF857900940657 /* orangeButton.png */; };
		A936F36E17BF857900940657 /* orangeButton@2x.png in Resources */ = {isa = PBXBuildFile; fileRef = A936F35117BF857900940657 /* orangeButton@2x.png */; };
		A936F36F17BF857900940657 /* orangeButtonHighlight.png in Resources */ = {isa = PBXBuildFile; fileRef = A936F35217BF857900940657 /* orangeButtonHighlight.png */; };
		A936F37017BF857900940657 /* orangeButtonHighlight@2x.png in Resources */ = {isa = PBXBuildFile; fileRef = A936F35317BF857900940657 /* orangeButtonHighlight@2x.png */; };
		A936F37117BF857900940657 /* tanButton.png in Resources */ = {isa = PBXBuildFile; fileRef = A936F35417BF857900940657 /* tanButton.png */; };
		A936F37217BF857900940657 /* tanButton@2x.png in Resources */ = {isa = PBXBuildFile; fileRef = A936F35517BF857900940657 /* tanButton@2x.png */; };
		A936F37317BF857900940657 /* tanButtonHighlight.png in Resources */ = {isa = PBXBuildFile; fileRef = A936F35617BF857900940657 /* tanButtonHighlight.png */; };
		A936F37417BF857900940657 /* tanButtonHighlight@2x.png in Resources */ = {isa = PBXBuildFile; fileRef = A936F35717BF857900940657 /* tanButtonHighlight@2x.png */; };
		A936F37517BF857900940657 /* whiteButton.png in Resources */ = {isa = PBXBuildFile; fileRef = A936F35817BF857900940657 /* whiteButton.png */; };
		A936F37617BF857900940657 /* whiteButton@2x.png in Resources */ = {isa = PBXBuildFile; fileRef = A936F35917BF857900940657 /* whiteButton@2x.png */; };
		A936F37717BF857900940657 /* whiteButtonHighlight.png in Resources */ = {isa = PBXBuildFile; fileRef = A936F35A17BF857900940657 /* whiteButtonHighlight.png */; };
		A936F37817BF857900940657 /* whiteButtonHighlight@2x.png in Resources */ = {isa = PBXBuildFile; fileRef = A936F35B17BF857900940657 /* whiteButtonHighlight@2x.png */; };
		A936F48117BFC69800940657 /* PickerViewController.m in Sources */ = {isa = PBXBuildFile; fileRef = A936F47F17BFC69800940657 /* PickerViewController.m */; };
		A936F48217BFC69800940657 /* PickerViewController.xib in Resources */ = {isa = PBXBuildFile; fileRef = A936F48017BFC69800940657 /* PickerViewController.xib */; };
		A936F48817BFC84600940657 /* PickerTableViewCell.m in Sources */ = {isa = PBXBuildFile; fileRef = A936F48717BFC84600940657 /* PickerTableViewCell.m */; };
		A936F48E17BFCF0800940657 /* PickerTableViewCell.xib in Resources */ = {isa = PBXBuildFile; fileRef = A936F48D17BFCF0800940657 /* PickerTableViewCell.xib */; };
/* End PBXBuildFile section */

/* Begin PBXContainerItemProxy section */
		A936F2DD17BF61D100940657 /* PBXContainerItemProxy */ = {
			isa = PBXContainerItemProxy;
			containerPortal = A936F2AA17BF61D100940657 /* Project object */;
			proxyType = 1;
			remoteGlobalIDString = A936F2B117BF61D100940657;
			remoteInfo = bonusUI;
		};
/* End PBXContainerItemProxy section */

/* Begin PBXFileReference section */
		A9287F1A17C00D98007470F8 /* PickerTableVIew.h */ = {isa = PBXFileReference; fileEncoding = 4; lastKnownFileType = sourcecode.c.h; path = PickerTableVIew.h; sourceTree = "<group>"; };
		A9287F1B17C00D98007470F8 /* PickerTableVIew.m */ = {isa = PBXFileReference; fileEncoding = 4; lastKnownFileType = sourcecode.c.objc; path = PickerTableVIew.m; sourceTree = "<group>"; };
		A9330F0017C0AACA00CCF9BF /* blink.png */ = {isa = PBXFileReference; lastKnownFileType = image.png; path = blink.png; sourceTree = "<group>"; };
		A9330F0117C0AACA00CCF9BF /* grin.png */ = {isa = PBXFileReference; lastKnownFileType = image.png; path = grin.png; sourceTree = "<group>"; };
		A9330F0217C0AACA00CCF9BF /* love.png */ = {isa = PBXFileReference; lastKnownFileType = image.png; path = love.png; sourceTree = "<group>"; };
		A9330F0317C0AACA00CCF9BF /* mad.png */ = {isa = PBXFileReference; lastKnownFileType = image.png; path = mad.png; sourceTree = "<group>"; };
		A9330F0417C0AACA00CCF9BF /* sad.png */ = {isa = PBXFileReference; lastKnownFileType = image.png; path = sad.png; sourceTree = "<group>"; };
		A9330F0517C0AACA00CCF9BF /* sick.png */ = {isa = PBXFileReference; lastKnownFileType = image.png; path = sick.png; sourceTree = "<group>"; };
		A9330F0617C0AACA00CCF9BF /* smartass.png */ = {isa = PBXFileReference; lastKnownFileType = image.png; path = smartass.png; sourceTree = "<group>"; };
		A9330F0717C0AACA00CCF9BF /* smile.png */ = {isa = PBXFileReference; lastKnownFileType = image.png; path = smile.png; sourceTree = "<group>"; };
		A9330F0817C0AACA00CCF9BF /* sorry.png */ = {isa = PBXFileReference; lastKnownFileType = image.png; path = sorry.png; sourceTree = "<group>"; };
		A9330F0917C0AACA00CCF9BF /* sunglasses.png */ = {isa = PBXFileReference; lastKnownFileType = image.png; path = sunglasses.png; sourceTree = "<group>"; };
		A9330F0A17C0AACA00CCF9BF /* surprised.png */ = {isa = PBXFileReference; lastKnownFileType = image.png; path = surprised.png; sourceTree = "<group>"; };
		A9330F0B17C0AACA00CCF9BF /* tongue.png */ = {isa = PBXFileReference; lastKnownFileType = image.png; path = tongue.png; sourceTree = "<group>"; };
		A936F2B217BF61D100940657 /* bonusUI.app */ = {isa = PBXFileReference; explicitFileType = wrapper.application; includeInIndex = 0; path = bonusUI.app; sourceTree = BUILT_PRODUCTS_DIR; };
		A936F2B517BF61D100940657 /* UIKit.framework */ = {isa = PBXFileReference; lastKnownFileType = wrapper.framework; name = UIKit.framework; path = System/Library/Frameworks/UIKit.framework; sourceTree = SDKROOT; };
		A936F2B717BF61D100940657 /* Foundation.framework */ = {isa = PBXFileReference; lastKnownFileType = wrapper.framework; name = Foundation.framework; path = System/Library/Frameworks/Foundation.framework; sourceTree = SDKROOT; };
		A936F2B917BF61D100940657 /* CoreGraphics.framework */ = {isa = PBXFileReference; lastKnownFileType = wrapper.framework; name = CoreGraphics.framework; path = System/Library/Frameworks/CoreGraphics.framework; sourceTree = SDKROOT; };
		A936F2BB17BF61D100940657 /* CoreData.framework */ = {isa = PBXFileReference; lastKnownFileType = wrapper.framework; name = CoreData.framework; path = System/Library/Frameworks/CoreData.framework; sourceTree = SDKROOT; };
		A936F2BF17BF61D100940657 /* bonusUI-Info.plist */ = {isa = PBXFileReference; lastKnownFileType = text.plist.xml; path = "bonusUI-Info.plist"; sourceTree = "<group>"; };
		A936F2C117BF61D100940657 /* en */ = {isa = PBXFileReference; lastKnownFileType = text.plist.strings; name = en; path = en.lproj/InfoPlist.strings; sourceTree = "<group>"; };
		A936F2C317BF61D100940657 /* main.m */ = {isa = PBXFileReference; lastKnownFileType = sourcecode.c.objc; path = main.m; sourceTree = "<group>"; };
		A936F2C517BF61D100940657 /* bonusUI-Prefix.pch */ = {isa = PBXFileReference; lastKnownFileType = sourcecode.c.h; path = "bonusUI-Prefix.pch"; sourceTree = "<group>"; };
		A936F2C617BF61D100940657 /* AppDelegate.h */ = {isa = PBXFileReference; lastKnownFileType = sourcecode.c.h; path = AppDelegate.h; sourceTree = "<group>"; };
		A936F2C717BF61D100940657 /* AppDelegate.m */ = {isa = PBXFileReference; lastKnownFileType = sourcecode.c.objc; path = AppDelegate.m; sourceTree = "<group>"; };
		A936F2C917BF61D100940657 /* Default.png */ = {isa = PBXFileReference; lastKnownFileType = image.png; path = Default.png; sourceTree = "<group>"; };
		A936F2CB17BF61D100940657 /* Default@2x.png */ = {isa = PBXFileReference; lastKnownFileType = image.png; path = "Default@2x.png"; sourceTree = "<group>"; };
		A936F2CD17BF61D100940657 /* Default-568h@2x.png */ = {isa = PBXFileReference; lastKnownFileType = image.png; path = "Default-568h@2x.png"; sourceTree = "<group>"; };
		A936F2D017BF61D100940657 /* bonusUI.xcdatamodel */ = {isa = PBXFileReference; lastKnownFileType = wrapper.xcdatamodel; path = bonusUI.xcdatamodel; sourceTree = "<group>"; };
		A936F2D717BF61D100940657 /* bonusUITests.octest */ = {isa = PBXFileReference; explicitFileType = wrapper.cfbundle; includeInIndex = 0; path = bonusUITests.octest; sourceTree = BUILT_PRODUCTS_DIR; };
		A936F2D817BF61D100940657 /* SenTestingKit.framework */ = {isa = PBXFileReference; lastKnownFileType = wrapper.framework; name = SenTestingKit.framework; path = Library/Frameworks/SenTestingKit.framework; sourceTree = DEVELOPER_DIR; };
		A936F2E117BF61D100940657 /* bonusUITests-Info.plist */ = {isa = PBXFileReference; lastKnownFileType = text.plist.xml; path = "bonusUITests-Info.plist"; sourceTree = "<group>"; };
		A936F2E317BF61D100940657 /* en */ = {isa = PBXFileReference; lastKnownFileType = text.plist.strings; name = en; path = en.lproj/InfoPlist.strings; sourceTree = "<group>"; };
		A936F2E517BF61D100940657 /* bonusUITests.h */ = {isa = PBXFileReference; lastKnownFileType = sourcecode.c.h; path = bonusUITests.h; sourceTree = "<group>"; };
		A936F2E617BF61D100940657 /* bonusUITests.m */ = {isa = PBXFileReference; lastKnownFileType = sourcecode.c.objc; path = bonusUITests.m; sourceTree = "<group>"; };
		A936F2F317BF66D900940657 /* BonusViewController.h */ = {isa = PBXFileReference; fileEncoding = 4; lastKnownFileType = sourcecode.c.h; name = BonusViewController.h; path = ../BonusViewController.h; sourceTree = "<group>"; };
		A936F2F417BF66D900940657 /* BonusViewController.m */ = {isa = PBXFileReference; fileEncoding = 4; lastKnownFileType = sourcecode.c.objc; name = BonusViewController.m; path = ../BonusViewController.m; sourceTree = "<group>"; };
		A936F2FA17BF728F00940657 /* readme.txt */ = {isa = PBXFileReference; fileEncoding = 4; lastKnownFileType = text; path = readme.txt; sourceTree = "<group>"; };
		A936F2FB17BF728F00940657 /* tweed.png */ = {isa = PBXFileReference; lastKnownFileType = image.png; path = tweed.png; sourceTree = "<group>"; };
		A936F2FC17BF728F00940657 /* tweed_@2X.png */ = {isa = PBXFileReference; lastKnownFileType = image.png; path = "tweed_@2X.png"; sourceTree = "<group>"; };
		A936F33F17BF857900940657 /* blackButton.png */ = {isa = PBXFileReference; lastKnownFileType = image.png; path = blackButton.png; sourceTree = "<group>"; };
		A936F34017BF857900940657 /* blackButton@2x.png */ = {isa = PBXFileReference; lastKnownFileType = image.png; path = "blackButton@2x.png"; sourceTree = "<group>"; };
		A936F34117BF857900940657 /* blackButtonHighlight.png */ = {isa = PBXFileReference; lastKnownFileType = image.png; path = blackButtonHighlight.png; sourceTree = "<group>"; };
		A936F34217BF857900940657 /* blackButtonHighlight@2x.png */ = {isa = PBXFileReference; lastKnownFileType = image.png; path = "blackButtonHighlight@2x.png"; sourceTree = "<group>"; };
		A936F34317BF857900940657 /* blueButton.png */ = {isa = PBXFileReference; lastKnownFileType = image.png; path = blueButton.png; sourceTree = "<group>"; };
		A936F34417BF857900940657 /* blueButton@2x.png */ = {isa = PBXFileReference; lastKnownFileType = image.png; path = "blueButton@2x.png"; sourceTree = "<group>"; };
		A936F34517BF857900940657 /* blueButtonHighlight.png */ = {isa = PBXFileReference; lastKnownFileType = image.png; path = blueButtonHighlight.png; sourceTree = "<group>"; };
		A936F34617BF857900940657 /* blueButtonHighlight@2x.png */ = {isa = PBXFileReference; lastKnownFileType = image.png; path = "blueButtonHighlight@2x.png"; sourceTree = "<group>"; };
		A936F34717BF857900940657 /* greenButton.png */ = {isa = PBXFileReference; lastKnownFileType = image.png; path = greenButton.png; sourceTree = "<group>"; };
		A936F34817BF857900940657 /* greenButton@2x.png */ = {isa = PBXFileReference; lastKnownFileType = image.png; path = "greenButton@2x.png"; sourceTree = "<group>"; };
		A936F34917BF857900940657 /* greenButtonHighlight.png */ = {isa = PBXFileReference; lastKnownFileType = image.png; path = greenButtonHighlight.png; sourceTree = "<group>"; };
		A936F34A17BF857900940657 /* greenButtonHighlight@2x.png */ = {isa = PBXFileReference; lastKnownFileType = image.png; path = "greenButtonHighlight@2x.png"; sourceTree = "<group>"; };
		A936F34B17BF857900940657 /* greyButton.png */ = {isa = PBXFileReference; lastKnownFileType = image.png; path = greyButton.png; sourceTree = "<group>"; };
		A936F34C17BF857900940657 /* greyButton@2x.png */ = {isa = PBXFileReference; lastKnownFileType = image.png; path = "greyButton@2x.png"; sourceTree = "<group>"; };
		A936F34D17BF857900940657 /* greyButton@2xpng */ = {isa = PBXFileReference; lastKnownFileType = file; path = "greyButton@2xpng"; sourceTree = "<group>"; };
		A936F34E17BF857900940657 /* greyButtonHighlight.png */ = {isa = PBXFileReference; lastKnownFileType = image.png; path = greyButtonHighlight.png; sourceTree = "<group>"; };
		A936F34F17BF857900940657 /* greyButtonHighlight@2x.png */ = {isa = PBXFileReference; lastKnownFileType = image.png; path = "greyButtonHighlight@2x.png"; sourceTree = "<group>"; };
		A936F35017BF857900940657 /* orangeButton.png */ = {isa = PBXFileReference; lastKnownFileType = image.png; path = orangeButton.png; sourceTree = "<group>"; };
		A936F35117BF857900940657 /* orangeButton@2x.png */ = {isa = PBXFileReference; lastKnownFileType = image.png; path = "orangeButton@2x.png"; sourceTree = "<group>"; };
		A936F35217BF857900940657 /* orangeButtonHighlight.png */ = {isa = PBXFileReference; lastKnownFileType = image.png; path = orangeButtonHighlight.png; sourceTree = "<group>"; };
		A936F35317BF857900940657 /* orangeButtonHighlight@2x.png */ = {isa = PBXFileReference; lastKnownFileType = image.png; path = "orangeButtonHighlight@2x.png"; sourceTree = "<group>"; };
		A936F35417BF857900940657 /* tanButton.png */ = {isa = PBXFileReference; lastKnownFileType = image.png; path = tanButton.png; sourceTree = "<group>"; };
		A936F35517BF857900940657 /* tanButton@2x.png */ = {isa = PBXFileReference; lastKnownFileType = image.png; path = "tanButton@2x.png"; sourceTree = "<group>"; };
		A936F35617BF857900940657 /* tanButtonHighlight.png */ = {isa = PBXFileReference; lastKnownFileType = image.png; path = tanButtonHighlight.png; sourceTree = "<group>"; };
		A936F35717BF857900940657 /* tanButtonHighlight@2x.png */ = {isa = PBXFileReference; lastKnownFileType = image.png; path = "tanButtonHighlight@2x.png"; sourceTree = "<group>"; };
		A936F35817BF857900940657 /* whiteButton.png */ = {isa = PBXFileReference; lastKnownFileType = image.png; path = whiteButton.png; sourceTree = "<group>"; };
		A936F35917BF857900940657 /* whiteButton@2x.png */ = {isa = PBXFileReference; lastKnownFileType = image.png; path = "whiteButton@2x.png"; sourceTree = "<group>"; };
		A936F35A17BF857900940657 /* whiteButtonHighlight.png */ = {isa = PBXFileReference; lastKnownFileType = image.png; path = whiteButtonHighlight.png; sourceTree = "<group>"; };
		A936F35B17BF857900940657 /* whiteButtonHighlight@2x.png */ = {isa = PBXFileReference; lastKnownFileType = image.png; path = "whiteButtonHighlight@2x.png"; sourceTree = "<group>"; };
		A936F47E17BFC69800940657 /* PickerViewController.h */ = {isa = PBXFileReference; fileEncoding = 4; lastKnownFileType = sourcecode.c.h; path = PickerViewController.h; sourceTree = "<group>"; };
		A936F47F17BFC69800940657 /* PickerViewController.m */ = {isa = PBXFileReference; fileEncoding = 4; lastKnownFileType = sourcecode.c.objc; path = PickerViewController.m; sourceTree = "<group>"; };
		A936F48017BFC69800940657 /* PickerViewController.xib */ = {isa = PBXFileReference; fileEncoding = 4; lastKnownFileType = file.xib; path = PickerViewController.xib; sourceTree = "<group>"; };
		A936F48617BFC84600940657 /* PickerTableViewCell.h */ = {isa = PBXFileReference; fileEncoding = 4; lastKnownFileType = sourcecode.c.h; name = PickerTableViewCell.h; path = ../PickerTableViewCell.h; sourceTree = "<group>"; };
		A936F48717BFC84600940657 /* PickerTableViewCell.m */ = {isa = PBXFileReference; fileEncoding = 4; lastKnownFileType = sourcecode.c.objc; name = PickerTableViewCell.m; path = ../PickerTableViewCell.m; sourceTree = "<group>"; };
		A936F48D17BFCF0800940657 /* PickerTableViewCell.xib */ = {isa = PBXFileReference; fileEncoding = 4; lastKnownFileType = file.xib; path = PickerTableViewCell.xib; sourceTree = "<group>"; };
/* End PBXFileReference section */

/* Begin PBXFrameworksBuildPhase section */
		A936F2AF17BF61D100940657 /* Frameworks */ = {
			isa = PBXFrameworksBuildPhase;
			buildActionMask = 2147483647;
			files = (
				A936F2B617BF61D100940657 /* UIKit.framework in Frameworks */,
				A936F2B817BF61D100940657 /* Foundation.framework in Frameworks */,
				A936F2BA17BF61D100940657 /* CoreGraphics.framework in Frameworks */,
				A936F2BC17BF61D100940657 /* CoreData.framework in Frameworks */,
			);
			runOnlyForDeploymentPostprocessing = 0;
		};
		A936F2D317BF61D100940657 /* Frameworks */ = {
			isa = PBXFrameworksBuildPhase;
			buildActionMask = 2147483647;
			files = (
				A936F2D917BF61D100940657 /* SenTestingKit.framework in Frameworks */,
				A936F2DA17BF61D100940657 /* UIKit.framework in Frameworks */,
				A936F2DB17BF61D100940657 /* Foundation.framework in Frameworks */,
				A936F2DC17BF61D100940657 /* CoreData.framework in Frameworks */,
			);
			runOnlyForDeploymentPostprocessing = 0;
		};
/* End PBXFrameworksBuildPhase section */

/* Begin PBXGroup section */
		A9330EFF17C0A91300CCF9BF /* smileys */ = {
			isa = PBXGroup;
			children = (
				A9330F0017C0AACA00CCF9BF /* blink.png */,
				A9330F0117C0AACA00CCF9BF /* grin.png */,
				A9330F0217C0AACA00CCF9BF /* love.png */,
				A9330F0317C0AACA00CCF9BF /* mad.png */,
				A9330F0417C0AACA00CCF9BF /* sad.png */,
				A9330F0517C0AACA00CCF9BF /* sick.png */,
				A9330F0617C0AACA00CCF9BF /* smartass.png */,
				A9330F0717C0AACA00CCF9BF /* smile.png */,
				A9330F0817C0AACA00CCF9BF /* sorry.png */,
				A9330F0917C0AACA00CCF9BF /* sunglasses.png */,
				A9330F0A17C0AACA00CCF9BF /* surprised.png */,
				A9330F0B17C0AACA00CCF9BF /* tongue.png */,
			);
			name = smileys;
			sourceTree = "<group>";
		};
		A936F2A917BF61D100940657 = {
			isa = PBXGroup;
			children = (
				A936F2BD17BF61D100940657 /* bonusUI */,
				A936F2DF17BF61D100940657 /* bonusUITests */,
				A936F2B417BF61D100940657 /* Frameworks */,
				A936F2B317BF61D100940657 /* Products */,
			);
			sourceTree = "<group>";
		};
		A936F2B317BF61D100940657 /* Products */ = {
			isa = PBXGroup;
			children = (
				A936F2B217BF61D100940657 /* bonusUI.app */,
				A936F2D717BF61D100940657 /* bonusUITests.octest */,
			);
			name = Products;
			sourceTree = "<group>";
		};
		A936F2B417BF61D100940657 /* Frameworks */ = {
			isa = PBXGroup;
			children = (
				A936F2B517BF61D100940657 /* UIKit.framework */,
				A936F2B717BF61D100940657 /* Foundation.framework */,
				A936F2B917BF61D100940657 /* CoreGraphics.framework */,
				A936F2BB17BF61D100940657 /* CoreData.framework */,
				A936F2D817BF61D100940657 /* SenTestingKit.framework */,
			);
			name = Frameworks;
			sourceTree = "<group>";
		};
		A936F2BD17BF61D100940657 /* bonusUI */ = {
			isa = PBXGroup;
			children = (
				A936F37C17BF90FC00940657 /* Picker */,
				A936F2F317BF66D900940657 /* BonusViewController.h */,
				A936F2F417BF66D900940657 /* BonusViewController.m */,
				A936F2C617BF61D100940657 /* AppDelegate.h */,
				A936F2C717BF61D100940657 /* AppDelegate.m */,
				A936F2CF17BF61D100940657 /* bonusUI.xcdatamodeld */,
				A936F2BE17BF61D100940657 /* Supporting Files */,
			);
			path = bonusUI;
			sourceTree = "<group>";
		};
		A936F2BE17BF61D100940657 /* Supporting Files */ = {
			isa = PBXGroup;
			children = (
				A936F2F617BF6E5C00940657 /* images */,
				A936F2BF17BF61D100940657 /* bonusUI-Info.plist */,
				A936F2C017BF61D100940657 /* InfoPlist.strings */,
				A936F2C317BF61D100940657 /* main.m */,
				A936F2C517BF61D100940657 /* bonusUI-Prefix.pch */,
				A936F2C917BF61D100940657 /* Default.png */,
				A936F2CB17BF61D100940657 /* Default@2x.png */,
				A936F2CD17BF61D100940657 /* Default-568h@2x.png */,
			);
			name = "Supporting Files";
			sourceTree = "<group>";
		};
		A936F2DF17BF61D100940657 /* bonusUITests */ = {
			isa = PBXGroup;
			children = (
				A936F2E517BF61D100940657 /* bonusUITests.h */,
				A936F2E617BF61D100940657 /* bonusUITests.m */,
				A936F2E017BF61D100940657 /* Supporting Files */,
			);
			path = bonusUITests;
			sourceTree = "<group>";
		};
		A936F2E017BF61D100940657 /* Supporting Files */ = {
			isa = PBXGroup;
			children = (
				A936F2E117BF61D100940657 /* bonusUITests-Info.plist */,
				A936F2E217BF61D100940657 /* InfoPlist.strings */,
			);
			name = "Supporting Files";
			sourceTree = "<group>";
		};
		A936F2F617BF6E5C00940657 /* images */ = {
			isa = PBXGroup;
			children = (
				A936F33E17BF857900940657 /* buttons */,
				A936F2F817BF6E6F00940657 /* icons */,
				A936F2F717BF6E6600940657 /* background */,
			);
			name = images;
			sourceTree = "<group>";
		};
		A936F2F717BF6E6600940657 /* background */ = {
			isa = PBXGroup;
			children = (
				A936F2F917BF728F00940657 /* tweed */,
			);
			name = background;
			sourceTree = "<group>";
		};
		A936F2F817BF6E6F00940657 /* icons */ = {
			isa = PBXGroup;
			children = (
				A9330EFF17C0A91300CCF9BF /* smileys */,
			);
			name = icons;
			sourceTree = "<group>";
		};
		A936F2F917BF728F00940657 /* tweed */ = {
			isa = PBXGroup;
			children = (
				A936F2FA17BF728F00940657 /* readme.txt */,
				A936F2FB17BF728F00940657 /* tweed.png */,
				A936F2FC17BF728F00940657 /* tweed_@2X.png */,
			);
			path = tweed;
			sourceTree = "<group>";
		};
		A936F33E17BF857900940657 /* buttons */ = {
			isa = PBXGroup;
			children = (
				A936F33F17BF857900940657 /* blackButton.png */,
				A936F34017BF857900940657 /* blackButton@2x.png */,
				A936F34117BF857900940657 /* blackButtonHighlight.png */,
				A936F34217BF857900940657 /* blackButtonHighlight@2x.png */,
				A936F34317BF857900940657 /* blueButton.png */,
				A936F34417BF857900940657 /* blueButton@2x.png */,
				A936F34517BF857900940657 /* blueButtonHighlight.png */,
				A936F34617BF857900940657 /* blueButtonHighlight@2x.png */,
				A936F34717BF857900940657 /* greenButton.png */,
				A936F34817BF857900940657 /* greenButton@2x.png */,
				A936F34917BF857900940657 /* greenButtonHighlight.png */,
				A936F34A17BF857900940657 /* greenButtonHighlight@2x.png */,
				A936F34B17BF857900940657 /* greyButton.png */,
				A936F34C17BF857900940657 /* greyButton@2x.png */,
				A936F34D17BF857900940657 /* greyButton@2xpng */,
				A936F34E17BF857900940657 /* greyButtonHighlight.png */,
				A936F34F17BF857900940657 /* greyButtonHighlight@2x.png */,
				A936F35017BF857900940657 /* orangeButton.png */,
				A936F35117BF857900940657 /* orangeButton@2x.png */,
				A936F35217BF857900940657 /* orangeButtonHighlight.png */,
				A936F35317BF857900940657 /* orangeButtonHighlight@2x.png */,
				A936F35417BF857900940657 /* tanButton.png */,
				A936F35517BF857900940657 /* tanButton@2x.png */,
				A936F35617BF857900940657 /* tanButtonHighlight.png */,
				A936F35717BF857900940657 /* tanButtonHighlight@2x.png */,
				A936F35817BF857900940657 /* whiteButton.png */,
				A936F35917BF857900940657 /* whiteButton@2x.png */,
				A936F35A17BF857900940657 /* whiteButtonHighlight.png */,
				A936F35B17BF857900940657 /* whiteButtonHighlight@2x.png */,
			);
			path = buttons;
			sourceTree = "<group>";
		};
		A936F37C17BF90FC00940657 /* Picker */ = {
			isa = PBXGroup;
			children = (
				A936F48617BFC84600940657 /* PickerTableViewCell.h */,
				A936F48D17BFCF0800940657 /* PickerTableViewCell.xib */,
				A9287F1A17C00D98007470F8 /* PickerTableVIew.h */,
				A9287F1B17C00D98007470F8 /* PickerTableVIew.m */,
				A936F48717BFC84600940657 /* PickerTableViewCell.m */,
				A936F47E17BFC69800940657 /* PickerViewController.h */,
				A936F47F17BFC69800940657 /* PickerViewController.m */,
				A936F48017BFC69800940657 /* PickerViewController.xib */,
			);
			name = Picker;
			sourceTree = "<group>";
		};
/* End PBXGroup section */

/* Begin PBXNativeTarget section */
		A936F2B117BF61D100940657 /* bonusUI */ = {
			isa = PBXNativeTarget;
			buildConfigurationList = A936F2EA17BF61D100940657 /* Build configuration list for PBXNativeTarget "bonusUI" */;
			buildPhases = (
				A936F2AE17BF61D100940657 /* Sources */,
				A936F2AF17BF61D100940657 /* Frameworks */,
				A936F2B017BF61D100940657 /* Resources */,
			);
			buildRules = (
			);
			dependencies = (
			);
			name = bonusUI;
			productName = bonusUI;
			productReference = A936F2B217BF61D100940657 /* bonusUI.app */;
			productType = "com.apple.product-type.application";
		};
		A936F2D617BF61D100940657 /* bonusUITests */ = {
			isa = PBXNativeTarget;
			buildConfigurationList = A936F2ED17BF61D100940657 /* Build configuration list for PBXNativeTarget "bonusUITests" */;
			buildPhases = (
				A936F2D217BF61D100940657 /* Sources */,
				A936F2D317BF61D100940657 /* Frameworks */,
				A936F2D417BF61D100940657 /* Resources */,
				A936F2D517BF61D100940657 /* ShellScript */,
			);
			buildRules = (
			);
			dependencies = (
				A936F2DE17BF61D100940657 /* PBXTargetDependency */,
			);
			name = bonusUITests;
			productName = bonusUITests;
			productReference = A936F2D717BF61D100940657 /* bonusUITests.octest */;
			productType = "com.apple.product-type.bundle";
		};
/* End PBXNativeTarget section */

/* Begin PBXProject section */
		A936F2AA17BF61D100940657 /* Project object */ = {
			isa = PBXProject;
			attributes = {
				LastUpgradeCheck = 0460;
				ORGANIZATIONNAME = "Pavan Ratnakar";
			};
			buildConfigurationList = A936F2AD17BF61D100940657 /* Build configuration list for PBXProject "bonusUI" */;
			compatibilityVersion = "Xcode 3.2";
			developmentRegion = English;
			hasScannedForEncodings = 0;
			knownRegions = (
				en,
			);
			mainGroup = A936F2A917BF61D100940657;
			productRefGroup = A936F2B317BF61D100940657 /* Products */;
			projectDirPath = "";
			projectRoot = "";
			targets = (
				A936F2B117BF61D100940657 /* bonusUI */,
				A936F2D617BF61D100940657 /* bonusUITests */,
			);
		};
/* End PBXProject section */

/* Begin PBXResourcesBuildPhase section */
		A936F2B017BF61D100940657 /* Resources */ = {
			isa = PBXResourcesBuildPhase;
			buildActionMask = 2147483647;
			files = (
				A936F2C217BF61D100940657 /* InfoPlist.strings in Resources */,
				A936F2CA17BF61D100940657 /* Default.png in Resources */,
				A936F2CC17BF61D100940657 /* Default@2x.png in Resources */,
				A936F2CE17BF61D100940657 /* Default-568h@2x.png in Resources */,
				A936F2FD17BF728F00940657 /* readme.txt in Resources */,
				A936F2FE17BF728F00940657 /* tweed.png in Resources */,
				A936F2FF17BF728F00940657 /* tweed_@2X.png in Resources */,
				A936F35C17BF857900940657 /* blackButton.png in Resources */,
				A936F35D17BF857900940657 /* blackButton@2x.png in Resources */,
				A936F35E17BF857900940657 /* blackButtonHighlight.png in Resources */,
				A936F35F17BF857900940657 /* blackButtonHighlight@2x.png in Resources */,
				A936F36017BF857900940657 /* blueButton.png in Resources */,
				A936F36117BF857900940657 /* blueButton@2x.png in Resources */,
				A936F36217BF857900940657 /* blueButtonHighlight.png in Resources */,
				A936F36317BF857900940657 /* blueButtonHighlight@2x.png in Resources */,
				A936F36417BF857900940657 /* greenButton.png in Resources */,
				A936F36517BF857900940657 /* greenButton@2x.png in Resources */,
				A936F36617BF857900940657 /* greenButtonHighlight.png in Resources */,
				A936F36717BF857900940657 /* greenButtonHighlight@2x.png in Resources */,
				A936F36817BF857900940657 /* greyButton.png in Resources */,
				A936F36917BF857900940657 /* greyButton@2x.png in Resources */,
				A936F36A17BF857900940657 /* greyButton@2xpng in Resources */,
				A936F36B17BF857900940657 /* greyButtonHighlight.png in Resources */,
				A936F36C17BF857900940657 /* greyButtonHighlight@2x.png in Resources */,
				A936F36D17BF857900940657 /* orangeButton.png in Resources */,
				A936F36E17BF857900940657 /* orangeButton@2x.png in Resources */,
				A936F36F17BF857900940657 /* orangeButtonHighlight.png in Resources */,
				A936F37017BF857900940657 /* orangeButtonHighlight@2x.png in Resources */,
				A936F37117BF857900940657 /* tanButton.png in Resources */,
				A936F37217BF857900940657 /* tanButton@2x.png in Resources */,
				A936F37317BF857900940657 /* tanButtonHighlight.png in Resources */,
				A936F37417BF857900940657 /* tanButtonHighlight@2x.png in Resources */,
				A936F37517BF857900940657 /* whiteButton.png in Resources */,
				A936F37617BF857900940657 /* whiteButton@2x.png in Resources */,
				A936F37717BF857900940657 /* whiteButtonHighlight.png in Resources */,
				A936F37817BF857900940657 /* whiteButtonHighlight@2x.png in Resources */,
				A936F48217BFC69800940657 /* PickerViewController.xib in Resources */,
				A936F48E17BFCF0800940657 /* PickerTableViewCell.xib in Resources */,
				A9330F0C17C0AACA00CCF9BF /* blink.png in Resources */,
				A9330F0D17C0AACA00CCF9BF /* grin.png in Resources */,
				A9330F0E17C0AACA00CCF9BF /* love.png in Resources */,
				A9330F0F17C0AACA00CCF9BF /* mad.png in Resources */,
				A9330F1017C0AACA00CCF9BF /* sad.png in Resources */,
				A9330F1117C0AACA00CCF9BF /* sick.png in Resources */,
				A9330F1217C0AACA00CCF9BF /* smartass.png in Resources */,
				A9330F1317C0AACA00CCF9BF /* smile.png in Resources */,
				A9330F1417C0AACA00CCF9BF /* sorry.png in Resources */,
				A9330F1517C0AACA00CCF9BF /* sunglasses.png in Resources */,
				A9330F1617C0AACA00CCF9BF /* surprised.png in Resources */,
				A9330F1717C0AACA00CCF9BF /* tongue.png in Resources */,
			);
			runOnlyForDeploymentPostprocessing = 0;
		};
		A936F2D417BF61D100940657 /* Resources */ = {
			isa = PBXResourcesBuildPhase;
			buildActionMask = 2147483647;
			files = (
				A936F2E417BF61D100940657 /* InfoPlist.strings in Resources */,
			);
			runOnlyForDeploymentPostprocessing = 0;
		};
/* End PBXResourcesBuildPhase section */

/* Begin PBXShellScriptBuildPhase section */
		A936F2D517BF61D100940657 /* ShellScript */ = {
			isa = PBXShellScriptBuildPhase;
			buildActionMask = 2147483647;
			files = (
			);
			inputPaths = (
			);
			outputPaths = (
			);
			runOnlyForDeploymentPostprocessing = 0;
			shellPath = /bin/sh;
			shellScript = "# Run the unit tests in this test bundle.\n\"${SYSTEM_DEVELOPER_DIR}/Tools/RunUnitTests\"\n";
		};
/* End PBXShellScriptBuildPhase section */

/* Begin PBXSourcesBuildPhase section */
		A936F2AE17BF61D100940657 /* Sources */ = {
			isa = PBXSourcesBuildPhase;
			buildActionMask = 2147483647;
			files = (
				A936F2C417BF61D100940657 /* main.m in Sources */,
				A936F2C817BF61D100940657 /* AppDelegate.m in Sources */,
				A936F2D117BF61D100940657 /* bonusUI.xcdatamodeld in Sources */,
				A936F2F517BF66D900940657 /* BonusViewController.m in Sources */,
				A936F48117BFC69800940657 /* PickerViewController.m in Sources */,
				A936F48817BFC84600940657 /* PickerTableViewCell.m in Sources */,
				A9287F1C17C00D98007470F8 /* PickerTableVIew.m in Sources */,
			);
			runOnlyForDeploymentPostprocessing = 0;
		};
		A936F2D217BF61D100940657 /* Sources */ = {
			isa = PBXSourcesBuildPhase;
			buildActionMask = 2147483647;
			files = (
				A936F2E717BF61D100940657 /* bonusUITests.m in Sources */,
			);
			runOnlyForDeploymentPostprocessing = 0;
		};
/* End PBXSourcesBuildPhase section */

/* Begin PBXTargetDependency section */
		A936F2DE17BF61D100940657 /* PBXTargetDependency */ = {
			isa = PBXTargetDependency;
			target = A936F2B117BF61D100940657 /* bonusUI */;
			targetProxy = A936F2DD17BF61D100940657 /* PBXContainerItemProxy */;
		};
/* End PBXTargetDependency section */

/* Begin PBXVariantGroup section */
		A936F2C017BF61D100940657 /* InfoPlist.strings */ = {
			isa = PBXVariantGroup;
			children = (
				A936F2C117BF61D100940657 /* en */,
			);
			name = InfoPlist.strings;
			sourceTree = "<group>";
		};
		A936F2E217BF61D100940657 /* InfoPlist.strings */ = {
			isa = PBXVariantGroup;
			children = (
				A936F2E317BF61D100940657 /* en */,
			);
			name = InfoPlist.strings;
			sourceTree = "<group>";
		};
/* End PBXVariantGroup section */

/* Begin XCBuildConfiguration section */
		A936F2E817BF61D100940657 /* Debug */ = {
			isa = XCBuildConfiguration;
			buildSettings = {
				ALWAYS_SEARCH_USER_PATHS = NO;
				CLANG_CXX_LANGUAGE_STANDARD = "gnu++0x";
				CLANG_CXX_LIBRARY = "libc++";
				CLANG_ENABLE_OBJC_ARC = YES;
				CLANG_WARN_CONSTANT_CONVERSION = YES;
				CLANG_WARN_EMPTY_BODY = YES;
				CLANG_WARN_ENUM_CONVERSION = YES;
				CLANG_WARN_INT_CONVERSION = YES;
				CLANG_WARN__DUPLICATE_METHOD_MATCH = YES;
				"CODE_SIGN_IDENTITY[sdk=iphoneos*]" = "iPhone Developer";
				COPY_PHASE_STRIP = NO;
				GCC_C_LANGUAGE_STANDARD = gnu99;
				GCC_DYNAMIC_NO_PIC = NO;
				GCC_OPTIMIZATION_LEVEL = 0;
				GCC_PREPROCESSOR_DEFINITIONS = (
					"DEBUG=1",
					"$(inherited)",
				);
				GCC_SYMBOLS_PRIVATE_EXTERN = NO;
				GCC_WARN_ABOUT_RETURN_TYPE = YES;
				GCC_WARN_UNINITIALIZED_AUTOS = YES;
				GCC_WARN_UNUSED_VARIABLE = YES;
				IPHONEOS_DEPLOYMENT_TARGET = 6.1;
				ONLY_ACTIVE_ARCH = YES;
				SDKROOT = iphoneos;
				TARGETED_DEVICE_FAMILY = "1,2";
			};
			name = Debug;
		};
		A936F2E917BF61D100940657 /* Release */ = {
			isa = XCBuildConfiguration;
			buildSettings = {
				ALWAYS_SEARCH_USER_PATHS = NO;
				CLANG_CXX_LANGUAGE_STANDARD = "gnu++0x";
				CLANG_CXX_LIBRARY = "libc++";
				CLANG_ENABLE_OBJC_ARC = YES;
				CLANG_WARN_CONSTANT_CONVERSION = YES;
				CLANG_WARN_EMPTY_BODY = YES;
				CLANG_WARN_ENUM_CONVERSION = YES;
				CLANG_WARN_INT_CONVERSION = YES;
				CLANG_WARN__DUPLICATE_METHOD_MATCH = YES;
				"CODE_SIGN_IDENTITY[sdk=iphoneos*]" = "iPhone Developer";
				COPY_PHASE_STRIP = YES;
				GCC_C_LANGUAGE_STANDARD = gnu99;
				GCC_WARN_ABOUT_RETURN_TYPE = YES;
				GCC_WARN_UNINITIALIZED_AUTOS = YES;
				GCC_WARN_UNUSED_VARIABLE = YES;
				IPHONEOS_DEPLOYMENT_TARGET = 6.1;
				OTHER_CFLAGS = "-DNS_BLOCK_ASSERTIONS=1";
				SDKROOT = iphoneos;
				TARGETED_DEVICE_FAMILY = "1,2";
				VALIDATE_PRODUCT = YES;
			};
			name = Release;
		};
		A936F2EB17BF61D100940657 /* Debug */ = {
			isa = XCBuildConfiguration;
			buildSettings = {
				GCC_PRECOMPILE_PREFIX_HEADER = YES;
				GCC_PREFIX_HEADER = "bonusUI/bonusUI-Prefix.pch";
				INFOPLIST_FILE = "bonusUI/bonusUI-Info.plist";
				PRODUCT_NAME = "$(TARGET_NAME)";
				WRAPPER_EXTENSION = app;
			};
			name = Debug;
		};
		A936F2EC17BF61D100940657 /* Release */ = {
			isa = XCBuildConfiguration;
			buildSettings = {
				GCC_PRECOMPILE_PREFIX_HEADER = YES;
				GCC_PREFIX_HEADER = "bonusUI/bonusUI-Prefix.pch";
				INFOPLIST_FILE = "bonusUI/bonusUI-Info.plist";
				PRODUCT_NAME = "$(TARGET_NAME)";
				WRAPPER_EXTENSION = app;
			};
			name = Release;
		};
		A936F2EE17BF61D100940657 /* Debug */ = {
			isa = XCBuildConfiguration;
			buildSettings = {
				BUNDLE_LOADER = "$(BUILT_PRODUCTS_DIR)/bonusUI.app/bonusUI";
				FRAMEWORK_SEARCH_PATHS = (
					"\"$(SDKROOT)/Developer/Library/Frameworks\"",
					"\"$(DEVELOPER_LIBRARY_DIR)/Frameworks\"",
				);
				GCC_PRECOMPILE_PREFIX_HEADER = YES;
				GCC_PREFIX_HEADER = "bonusUI/bonusUI-Prefix.pch";
				INFOPLIST_FILE = "bonusUITests/bonusUITests-Info.plist";
				PRODUCT_NAME = "$(TARGET_NAME)";
				TEST_HOST = "$(BUNDLE_LOADER)";
				WRAPPER_EXTENSION = octest;
			};
			name = Debug;
		};
		A936F2EF17BF61D100940657 /* Release */ = {
			isa = XCBuildConfiguration;
			buildSettings = {
				BUNDLE_LOADER = "$(BUILT_PRODUCTS_DIR)/bonusUI.app/bonusUI";
				FRAMEWORK_SEARCH_PATHS = (
					"\"$(SDKROOT)/Developer/Library/Frameworks\"",
					"\"$(DEVELOPER_LIBRARY_DIR)/Frameworks\"",
				);
				GCC_PRECOMPILE_PREFIX_HEADER = YES;
				GCC_PREFIX_HEADER = "bonusUI/bonusUI-Prefix.pch";
				INFOPLIST_FILE = "bonusUITests/bonusUITests-Info.plist";
				PRODUCT_NAME = "$(TARGET_NAME)";
				TEST_HOST = "$(BUNDLE_LOADER)";
				WRAPPER_EXTENSION = octest;
			};
			name = Release;
		};
/* End XCBuildConfiguration section */

/* Begin XCConfigurationList section */
		A936F2AD17BF61D100940657 /* Build configuration list for PBXProject "bonusUI" */ = {
			isa = XCConfigurationList;
			buildConfigurations = (
				A936F2E817BF61D100940657 /* Debug */,
				A936F2E917BF61D100940657 /* Release */,
			);
			defaultConfigurationIsVisible = 0;
			defaultConfigurationName = Release;
		};
		A936F2EA17BF61D100940657 /* Build configuration list for PBXNativeTarget "bonusUI" */ = {
			isa = XCConfigurationList;
			buildConfigurations = (
				A936F2EB17BF61D100940657 /* Debug */,
				A936F2EC17BF61D100940657 /* Release */,
			);
			defaultConfigurationIsVisible = 0;
			defaultConfigurationName = Release;
		};
		A936F2ED17BF61D100940657 /* Build configuration list for PBXNativeTarget "bonusUITests" */ = {
			isa = XCConfigurationList;
			buildConfigurations = (
				A936F2EE17BF61D100940657 /* Debug */,
				A936F2EF17BF61D100940657 /* Release */,
			);
			defaultConfigurationIsVisible = 0;
			defaultConfigurationName = Release;
		};
/* End XCConfigurationList section */

/* Begin XCVersionGroup section */
		A936F2CF17BF61D100940657 /* bonusUI.xcdatamodeld */ = {
			isa = XCVersionGroup;
			children = (
				A936F2D017BF61D100940657 /* bonusUI.xcdatamodel */,
			);
			currentVersion = A936F2D017BF61D100940657 /* bonusUI.xcdatamodel */;
			path = bonusUI.xcdatamodeld;
			sourceTree = "<group>";
			versionGroupType = wrapper.xcdatamodel;
		};
/* End XCVersionGroup section */
	};
	rootObject = A936F2AA17BF61D100940657 /* Project object */;
}
